
Microsoft Visual Studio Solution File, Format Version 12.00
# Visual Studio Version 16
VisualStudioVersion = 16.0.29519.87
MinimumVisualStudioVersion = 10.0.40219.1
Project("{FAE04EC0-301F-11D3-BF4B-00C04F79EFBC}") = "Snake_2", "Snake_2\Snake_2.csproj", "{60D859D3-8081-411E-85E2-364E192A4255}"
EndProject
Global
	GlobalSection(SolutionConfigurationPlatforms) = preSolution
		Debug|Any CPU = Debug|Any CPU
		Release|Any CPU = Release|Any CPU
	EndGlobalSection
	GlobalSection(ProjectConfigurationPlatforms) = postSolution
		{60D859D3-8081-411E-85E2-364E192A4255}.Debug|Any CPU.ActiveCfg = Debug|Any CPU
		{60D859D3-8081-411E-85E2-364E192A4255}.Debug|Any CPU.Build.0 = Debug|Any CPU
		{60D859D3-8081-411E-85E2-364E192A4255}.Release|Any CPU.ActiveCfg = Release|Any CPU
		{60D859D3-8081-411E-85E2-364E192A4255}.Release|Any CPU.Build.0 = Release|Any CPU
	EndGlobalSection
	GlobalSection(SolutionProperties) = preSolution
		HideSolutionNode = FALSE
	EndGlobalSection
	GlobalSection(ExtensibilityGlobals) = postSolution
		SolutionGuid = {A860C636-CB15-40AE-80C2-04AEE913C03A}
	EndGlobalSection
EndGlobal
